<?xml version="1.0" encoding="utf-8"?>
<Project ToolsVersion="4.0" xmlns="http://schemas.microsoft.com/developer/msbuild/2003">
  <ItemGroup>
    <Filter Include="Source">
      <UniqueIdentifier>{e2591dd6-311b-439c-87d2-67fba688128a}</UniqueIdentifier>
    </Filter>
    <Filter Include="Source\Input">
      <UniqueIdentifier>{1f51978d-5158-4caa-af4c-82b1adeb1737}</UniqueIdentifier>
    </Filter>
    <Filter Include="Source\Audio">
      <UniqueIdentifier>{aad5f038-c50e-46e2-931b-553dd49a1c6b}</UniqueIdentifier>
    </Filter>
    <Filter Include="HLSL">
      <UniqueIdentifier>{308bef29-b7a1-4219-8495-df428de133c9}</UniqueIdentifier>
    </Filter>
    <Filter Include="Source\Graphics">
      <UniqueIdentifier>{153a1093-d09d-451e-96c4-517468e1df17}</UniqueIdentifier>
    </Filter>
    <Filter Include="Utils">
      <UniqueIdentifier>{fb1e423f-609f-4788-ba40-938ca3a411f9}</UniqueIdentifier>
    </Filter>
    <Filter Include="Utils\imgui">
      <UniqueIdentifier>{92701ab4-53bc-4b91-81b4-95c73d12805f}</UniqueIdentifier>
    </Filter>
    <Filter Include="Source\Component">
      <UniqueIdentifier>{02840870-3ffd-483e-b8a3-eafaa977cd4a}</UniqueIdentifier>
    </Filter>
    <Filter Include="Source\Scene">
      <UniqueIdentifier>{2e6d931f-1f6c-4878-a9bd-8363c1132607}</UniqueIdentifier>
    </Filter>
    <Filter Include="Source\Object">
      <UniqueIdentifier>{8454fa88-78a7-4825-9515-ba8e632cc5a4}</UniqueIdentifier>
    </Filter>
    <Filter Include="Source\Camera">
      <UniqueIdentifier>{57997f6d-02b2-4347-8d57-139bfa47be7c}</UniqueIdentifier>
    </Filter>
    <Filter Include="Source\Math">
      <UniqueIdentifier>{518854fb-580e-435e-879b-4a5e155efb2c}</UniqueIdentifier>
    </Filter>
    <Filter Include="Source\Particle">
      <UniqueIdentifier>{a022b675-823f-487a-874c-3cabe4850b45}</UniqueIdentifier>
    </Filter>
    <Filter Include="Source\Object\Weapon">
      <UniqueIdentifier>{2437ea5b-6f30-4399-98a4-76ae3cd8da34}</UniqueIdentifier>
    </Filter>
    <Filter Include="Source\System">
      <UniqueIdentifier>{42bdd1ee-81b4-445e-ae1f-3fc778324842}</UniqueIdentifier>
    </Filter>
    <Filter Include="Source\Object\Enemy">
      <UniqueIdentifier>{5d2a2d67-92d7-47ac-bec5-e9038a688161}</UniqueIdentifier>
    </Filter>
    <Filter Include="Source\UI">
      <UniqueIdentifier>{39af5f2d-d103-4a94-a8c7-d00808580ce7}</UniqueIdentifier>
    </Filter>
    <Filter Include="HLSL\particle">
      <UniqueIdentifier>{76e96e8d-7c63-45a5-a29b-63c84dbee4a6}</UniqueIdentifier>
    </Filter>
    <Filter Include="Source\Graphics\Post Effect">
      <UniqueIdentifier>{04a3e218-26bf-4386-a909-a2d951987a99}</UniqueIdentifier>
    </Filter>
    <Filter Include="HLSL\Post Effect">
      <UniqueIdentifier>{7c0307b9-aa4f-469b-9b0f-1e1907062fd7}</UniqueIdentifier>
    </Filter>
    <Filter Include="Source\ResourceList">
      <UniqueIdentifier>{c7de073a-e626-4434-ba14-2fa0065517d8}</UniqueIdentifier>
    </Filter>
  </ItemGroup>
  <ItemGroup>
    <ClCompile Include="Source\Framework.cpp">
      <Filter>Source</Filter>
    </ClCompile>
    <ClCompile Include="Source\main.cpp">
      <Filter>Source</Filter>
    </ClCompile>
    <ClCompile Include="Source\Audio\Audio.cpp">
      <Filter>Source\Audio</Filter>
    </ClCompile>
    <ClCompile Include="Source\Audio\AudioManager.cpp">
      <Filter>Source\Audio</Filter>
    </ClCompile>
    <ClCompile Include="Source\Audio\AudioResource.cpp">
      <Filter>Source\Audio</Filter>
    </ClCompile>
    <ClCompile Include="Source\Graphics\ImGuiRenderer.cpp">
      <Filter>Source\Graphics</Filter>
    </ClCompile>
    <ClCompile Include="Source\Graphics\SkinnedMesh.cpp">
      <Filter>Source\Graphics</Filter>
    </ClCompile>
    <ClCompile Include="Source\Graphics\Sprite.cpp">
      <Filter>Source\Graphics</Filter>
    </ClCompile>
    <ClCompile Include="Source\Input\GamePad.cpp">
      <Filter>Source\Input</Filter>
    </ClCompile>
    <ClCompile Include="Source\Input\InputManager.cpp">
      <Filter>Source\Input</Filter>
    </ClCompile>
    <ClCompile Include="Source\Input\Mouse.cpp">
      <Filter>Source\Input</Filter>
    </ClCompile>
    <ClCompile Include="Utils\imgui\imgui.cpp">
      <Filter>Utils\imgui</Filter>
    </ClCompile>
    <ClCompile Include="Utils\imgui\imgui_demo.cpp">
      <Filter>Utils\imgui</Filter>
    </ClCompile>
    <ClCompile Include="Utils\imgui\imgui_draw.cpp">
      <Filter>Utils\imgui</Filter>
    </ClCompile>
    <ClCompile Include="Utils\imgui\imgui_ja_gryph_ranges.cpp">
      <Filter>Utils\imgui</Filter>
    </ClCompile>
    <ClCompile Include="Utils\imgui\imgui_widgets.cpp">
      <Filter>Utils\imgui</Filter>
    </ClCompile>
    <ClCompile Include="Source\Graphics\Shader.cpp">
      <Filter>Source\Graphics</Filter>
    </ClCompile>
    <ClCompile Include="Source\Graphics\Texture.cpp">
      <Filter>Source\Graphics</Filter>
    </ClCompile>
    <ClCompile Include="Source\Graphics\GraphicsManager.cpp">
      <Filter>Source\Graphics</Filter>
    </ClCompile>
    <ClCompile Include="Source\Graphics\DebugRenderer.cpp">
      <Filter>Source\Graphics</Filter>
    </ClCompile>
    <ClCompile Include="Source\Graphics\LineRenderer.cpp">
      <Filter>Source\Graphics</Filter>
    </ClCompile>
    <ClCompile Include="Source\DeviceManager.cpp">
      <Filter>Source</Filter>
    </ClCompile>
    <ClCompile Include="Source\Component\object.cpp">
      <Filter>Source\Component</Filter>
    </ClCompile>
    <ClCompile Include="Source\GameScene.cpp">
      <Filter>Source\Scene</Filter>
    </ClCompile>
    <ClCompile Include="Source\stage.cpp">
      <Filter>Source\Object</Filter>
    </ClCompile>
    <ClCompile Include="Source\Player.cpp">
      <Filter>Source\Object</Filter>
    </ClCompile>
    <ClCompile Include="Source\PlayerManager.cpp">
      <Filter>Source\Object</Filter>
    </ClCompile>
    <ClCompile Include="Source\Camera.cpp">
      <Filter>Source\Camera</Filter>
    </ClCompile>
    <ClCompile Include="Source\CameraController.cpp">
      <Filter>Source\Camera</Filter>
    </ClCompile>
    <ClCompile Include="Source\StageManager.cpp">
      <Filter>Source\Object</Filter>
    </ClCompile>
    <ClCompile Include="Source\Component\Movement.cpp">
      <Filter>Source\Component</Filter>
    </ClCompile>
    <ClCompile Include="Source\math\Collision.cpp">
      <Filter>Source\Math</Filter>
    </ClCompile>
    <ClCompile Include="Source\math\Mathf.cpp">
      <Filter>Source\Math</Filter>
    </ClCompile>
    <ClCompile Include="Source\Component\Animation.cpp">
      <Filter>Source\Component</Filter>
    </ClCompile>
    <ClCompile Include="Source\Graphics\Skymap.cpp">
      <Filter>Source\Graphics</Filter>
    </ClCompile>
    <ClCompile Include="Source\LoadingScene.cpp">
      <Filter>Source\Scene</Filter>
    </ClCompile>
    <ClCompile Include="Source\SceneManager.cpp">
      <Filter>Source\Scene</Filter>
    </ClCompile>
    <ClCompile Include="Source\TitleScene.cpp">
      <Filter>Source\Scene</Filter>
    </ClCompile>
    <ClCompile Include="Source\particle\particle_system.cpp">
      <Filter>Source\Particle</Filter>
    </ClCompile>
    <ClCompile Include="Source\Weapon.cpp">
      <Filter>Source\Object\Weapon</Filter>
    </ClCompile>
    <ClCompile Include="Source\WeaponManager.cpp">
      <Filter>Source\Object\Weapon</Filter>
    </ClCompile>
    <ClCompile Include="Source\system\StateMachine.cpp">
      <Filter>Source\System</Filter>
    </ClCompile>
    <ClCompile Include="Source\Enemy.cpp">
      <Filter>Source\Object\Enemy</Filter>
    </ClCompile>
    <ClCompile Include="Source\EnemyManager.cpp">
      <Filter>Source\Object\Enemy</Filter>
    </ClCompile>
    <ClCompile Include="Source\Component\TimeLapse.cpp">
      <Filter>Source\Component</Filter>
    </ClCompile>
    <ClCompile Include="Source\UIManager.cpp">
      <Filter>Source\UI</Filter>
    </ClCompile>
    <ClCompile Include="Source\RewindTimeUI.cpp">
      <Filter>Source\UI</Filter>
    </ClCompile>
    <ClCompile Include="Source\system\Messenger.cpp">
      <Filter>Source\System</Filter>
    </ClCompile>
    <ClCompile Include="Source\Audio\SubMixVoice.cpp">
      <Filter>Source\Audio</Filter>
    </ClCompile>
    <ClCompile Include="Source\Audio\Audio3DSystem.cpp">
      <Filter>Source\Audio</Filter>
    </ClCompile>
    <ClCompile Include="Source\particle\ParticleManager.cpp">
      <Filter>Source\Particle</Filter>
    </ClCompile>
    <ClCompile Include="Source\system\CollisionSystem.cpp">
      <Filter>Source\System</Filter>
    </ClCompile>
    <ClCompile Include="Source\Graphics\FrameBuffers.cpp">
      <Filter>Source\Graphics\Post Effect</Filter>
    </ClCompile>
    <ClCompile Include="Source\Graphics\FullScreenQuad.cpp">
      <Filter>Source\Graphics\Post Effect</Filter>
    </ClCompile>
    <ClCompile Include="Source\Graphics\LuminanceExtract.cpp">
      <Filter>Source\Graphics\Post Effect</Filter>
    </ClCompile>
    <ClCompile Include="Source\system\PostprocessingRenderer.cpp">
      <Filter>Source\System</Filter>
    </ClCompile>
    <ClCompile Include="Source\Graphics\PostProcessing.cpp">
      <Filter>Source\Graphics\Post Effect</Filter>
    </ClCompile>
    <ClCompile Include="Source\Graphics\ColorGrading.cpp">
      <Filter>Source\Graphics\Post Effect</Filter>
    </ClCompile>
    <ClCompile Include="Source\Graphics\ACES_Filmic.cpp">
      <Filter>Source\Graphics\Post Effect</Filter>
    </ClCompile>
    <ClCompile Include="Source\Graphics\RewidLine.cpp">
      <Filter>Source\Graphics\Post Effect</Filter>
    </ClCompile>
    <ClCompile Include="Source\Component\PlayerController.cpp">
      <Filter>Source\Component</Filter>
    </ClCompile>
    <ClCompile Include="Source\Component\Audio3DListener.cpp">
      <Filter>Source\Component</Filter>
    </ClCompile>
    <ClCompile Include="Source\Component\Audio3DEmitter.cpp">
      <Filter>Source\Component</Filter>
    </ClCompile>
    <ClCompile Include="Source\system\TimeLapseManager.cpp">
      <Filter>Source\System</Filter>
    </ClCompile>
    <ClCompile Include="Source\particle\Particle.cpp">
      <Filter>Source\Particle</Filter>
    </ClCompile>
    <ClCompile Include="Source\ResourceList\AuidoResourceList.cpp">
      <Filter>Source\ResourceList</Filter>
    </ClCompile>
    <ClCompile Include="Source\Component\CollisionConponent.cpp">
      <Filter>Source\Component</Filter>
    </ClCompile>
  </ItemGroup>
  <ItemGroup>
    <ClInclude Include="Source\Framework.h">
      <Filter>Source</Filter>
    </ClInclude>
    <ClInclude Include="Source\high_resolution_timer.h">
      <Filter>Source</Filter>
    </ClInclude>
    <ClInclude Include="Source\misc.h">
      <Filter>Source</Filter>
    </ClInclude>
    <ClInclude Include="Source\Audio\Audio.h">
      <Filter>Source\Audio</Filter>
    </ClInclude>
    <ClInclude Include="Source\Audio\AudioManager.h">
      <Filter>Source\Audio</Filter>
    </ClInclude>
    <ClInclude Include="Source\Audio\AudioResource.h">
      <Filter>Source\Audio</Filter>
    </ClInclude>
    <ClInclude Include="Source\Graphics\ImGuiRenderer.h">
      <Filter>Source\Graphics</Filter>
    </ClInclude>
    <ClInclude Include="Source\Graphics\SkinnedMesh.h">
      <Filter>Source\Graphics</Filter>
    </ClInclude>
    <ClInclude Include="Source\Graphics\Sprite.h">
      <Filter>Source\Graphics</Filter>
    </ClInclude>
    <ClInclude Include="Source\Input\GamePad.h">
      <Filter>Source\Input</Filter>
    </ClInclude>
    <ClInclude Include="Source\Input\InputManager.h">
      <Filter>Source\Input</Filter>
    </ClInclude>
    <ClInclude Include="Source\Input\Mouse.h">
      <Filter>Source\Input</Filter>
    </ClInclude>
    <ClInclude Include="Utils\imgui\imconfig.h">
      <Filter>Utils\imgui</Filter>
    </ClInclude>
    <ClInclude Include="Utils\imgui\imgui.h">
      <Filter>Utils\imgui</Filter>
    </ClInclude>
    <ClInclude Include="Utils\imgui\imgui_internal.h">
      <Filter>Utils\imgui</Filter>
    </ClInclude>
    <ClInclude Include="Utils\imgui\imstb_rectpack.h">
      <Filter>Utils\imgui</Filter>
    </ClInclude>
    <ClInclude Include="Utils\imgui\imstb_textedit.h">
      <Filter>Utils\imgui</Filter>
    </ClInclude>
    <ClInclude Include="Utils\imgui\imstb_truetype.h">
      <Filter>Utils\imgui</Filter>
    </ClInclude>
    <ClInclude Include="Source\Graphics\Shader.h">
      <Filter>Source\Graphics</Filter>
    </ClInclude>
    <ClInclude Include="Source\Graphics\Texture.h">
      <Filter>Source\Graphics</Filter>
    </ClInclude>
    <ClInclude Include="Source\Graphics\GraphicsManager.h">
      <Filter>Source\Graphics</Filter>
    </ClInclude>
    <ClInclude Include="Source\Graphics\DebugRenderer.h">
      <Filter>Source\Graphics</Filter>
    </ClInclude>
    <ClInclude Include="Source\Graphics\LineRenderer.h">
      <Filter>Source\Graphics</Filter>
    </ClInclude>
    <ClInclude Include="Source\Graphics\Buffer.h">
      <Filter>Source\Graphics</Filter>
    </ClInclude>
    <ClInclude Include="Source\DeviceManager.h">
      <Filter>Source</Filter>
    </ClInclude>
    <ClInclude Include="Source\Component\Component.h">
      <Filter>Source\Component</Filter>
    </ClInclude>
    <ClInclude Include="Source\Component\object.h">
      <Filter>Source\Component</Filter>
    </ClInclude>
    <ClInclude Include="Source\GameScene.h">
      <Filter>Source\Scene</Filter>
    </ClInclude>
    <ClInclude Include="Utils\Singleton.h">
      <Filter>Utils</Filter>
    </ClInclude>
    <ClInclude Include="Source\stage.h">
      <Filter>Source\Object</Filter>
    </ClInclude>
    <ClInclude Include="Source\Player.h">
      <Filter>Source\Object</Filter>
    </ClInclude>
    <ClInclude Include="Source\PlayerManager.h">
      <Filter>Source\Object</Filter>
    </ClInclude>
    <ClInclude Include="Source\Camera.h">
      <Filter>Source\Camera</Filter>
    </ClInclude>
    <ClInclude Include="Source\CameraController.h">
      <Filter>Source\Camera</Filter>
    </ClInclude>
    <ClInclude Include="Source\StageManager.h">
      <Filter>Source\Object</Filter>
    </ClInclude>
    <ClInclude Include="Source\Component\Movement.h">
      <Filter>Source\Component</Filter>
    </ClInclude>
    <ClInclude Include="Source\math\Collision.h">
      <Filter>Source\Math</Filter>
    </ClInclude>
    <ClInclude Include="Source\math\Mathf.h">
      <Filter>Source\Math</Filter>
    </ClInclude>
    <ClInclude Include="Source\Scene.h">
      <Filter>Source\Scene</Filter>
    </ClInclude>
    <ClInclude Include="Source\Component\Animation.h">
      <Filter>Source\Component</Filter>
    </ClInclude>
    <ClInclude Include="Source\Graphics\BufferSlots.h">
      <Filter>Source\Graphics</Filter>
    </ClInclude>
    <ClInclude Include="Source\Graphics\Skymap.h">
      <Filter>Source\Graphics</Filter>
    </ClInclude>
    <ClInclude Include="Source\LoadingScene.h">
      <Filter>Source\Scene</Filter>
    </ClInclude>
    <ClInclude Include="Source\SceneManager.h">
      <Filter>Source\Scene</Filter>
    </ClInclude>
    <ClInclude Include="Source\TitleScene.h">
      <Filter>Source\Scene</Filter>
    </ClInclude>
    <ClInclude Include="Source\particle\particle_system.h">
      <Filter>Source\Particle</Filter>
    </ClInclude>
    <ClInclude Include="Source\Weapon.h">
      <Filter>Source\Object\Weapon</Filter>
    </ClInclude>
    <ClInclude Include="Source\WeaponManager.h">
      <Filter>Source\Object\Weapon</Filter>
    </ClInclude>
    <ClInclude Include="Source\system\StateMachine.h">
      <Filter>Source\System</Filter>
    </ClInclude>
    <ClInclude Include="Source\system\State.h">
      <Filter>Source\System</Filter>
    </ClInclude>
    <ClInclude Include="Utils\Macro.h">
      <Filter>Utils</Filter>
    </ClInclude>
    <ClInclude Include="Source\Enemy.h">
      <Filter>Source\Object\Enemy</Filter>
    </ClInclude>
    <ClInclude Include="Source\EnemyManager.h">
      <Filter>Source\Object\Enemy</Filter>
    </ClInclude>
    <ClInclude Include="Source\Component\TimeLapse.h">
      <Filter>Source\Component</Filter>
    </ClInclude>
    <ClInclude Include="Utils\RingBuffer.h">
      <Filter>Utils</Filter>
    </ClInclude>
    <ClInclude Include="Source\UI.h">
      <Filter>Source\UI</Filter>
    </ClInclude>
    <ClInclude Include="Source\UIManager.h">
      <Filter>Source\UI</Filter>
    </ClInclude>
    <ClInclude Include="Source\RewindTimeUI.h">
      <Filter>Source\UI</Filter>
    </ClInclude>
    <ClInclude Include="Source\system\Messenger.h">
      <Filter>Source\System</Filter>
    </ClInclude>
    <ClInclude Include="Source\system\MessageData.h">
      <Filter>Source\System</Filter>
    </ClInclude>
    <ClInclude Include="Source\Audio\SubMixVoice.h">
      <Filter>Source\Audio</Filter>
    </ClInclude>
    <ClInclude Include="Source\Audio\Audio3DSystem.h">
      <Filter>Source\Audio</Filter>
    </ClInclude>
    <ClInclude Include="Source\particle\ParticleManager.h">
      <Filter>Source\Particle</Filter>
    </ClInclude>
    <ClInclude Include="Source\particle\Particle.h">
      <Filter>Source\Particle</Filter>
    </ClInclude>
    <ClInclude Include="Source\Graphics\FrameBuffers.h">
      <Filter>Source\Graphics\Post Effect</Filter>
    </ClInclude>
    <ClInclude Include="Source\system\CollisionSystem.h">
      <Filter>Source\System</Filter>
    </ClInclude>
    <ClInclude Include="Source\Graphics\FullScreenQuad.h">
      <Filter>Source\Graphics\Post Effect</Filter>
    </ClInclude>
    <ClInclude Include="Source\system\PostprocessingRenderer.h">
      <Filter>Source\System</Filter>
    </ClInclude>
    <ClInclude Include="Source\Graphics\PostProcessing.h">
      <Filter>Source\Graphics\Post Effect</Filter>
    </ClInclude>
    <ClInclude Include="Source\Graphics\LuminanceExtract.h">
      <Filter>Source\Graphics\Post Effect</Filter>
    </ClInclude>
    <ClInclude Include="Source\Graphics\ColorGrading.h">
      <Filter>Source\Graphics\Post Effect</Filter>
    </ClInclude>
    <ClInclude Include="Source\Graphics\ACES_Filmic.h">
      <Filter>Source\Graphics\Post Effect</Filter>
    </ClInclude>
    <ClInclude Include="Source\Graphics\RewidLine.h">
      <Filter>Source\Graphics\Post Effect</Filter>
    </ClInclude>
    <ClInclude Include="Source\Component\PlayerController.h">
      <Filter>Source\Component</Filter>
    </ClInclude>
    <ClInclude Include="Source\Component\Audio3DListener.h">
      <Filter>Source\Component</Filter>
    </ClInclude>
    <ClInclude Include="Source\Component\Audio3DEmitter.h">
      <Filter>Source\Component</Filter>
    </ClInclude>
    <ClInclude Include="Source\system\TimeLapseManager.h">
      <Filter>Source\System</Filter>
    </ClInclude>
    <ClInclude Include="Source\ResourceList\AuidoResourceList.h">
      <Filter>Source\ResourceList</Filter>
    </ClInclude>
    <ClInclude Include="Source\ResourceList\ResourceList.h">
      <Filter>Source\ResourceList</Filter>
    </ClInclude>
    <ClInclude Include="Source\Component\CollisionConponent.h">
      <Filter>Source\Component</Filter>
    </ClInclude>
  </ItemGroup>
  <ItemGroup>
    <None Include="HLSL\ImGui.hlsli">
      <Filter>HLSL</Filter>
    </None>
    <None Include="HLSL\SkinnedMesh.hlsli">
      <Filter>HLSL</Filter>
    </None>
    <None Include="HLSL\Sprite.hlsli">
      <Filter>HLSL</Filter>
    </None>
    <None Include="HLSL\Debug.hlsli">
      <Filter>HLSL</Filter>
    </None>
    <None Include="HLSL\Line.hlsli">
      <Filter>HLSL</Filter>
    </None>
    <None Include="HLSL\Buffer.hlsli">
      <Filter>HLSL</Filter>
    </None>
    <None Include="HLSL\Skymap.hlsli">
      <Filter>HLSL</Filter>
    </None>
    <None Include="HLSL\physical_based_rendering_functions.hlsli">
      <Filter>HLSL</Filter>
    </None>
    <None Include="HLSL\geometry_particle.hlsli">
      <Filter>HLSL\particle</Filter>
    </None>
    <None Include="HLSL\FullScreenQuad.hlsli">
      <Filter>HLSL\Post Effect</Filter>
    </None>
  </ItemGroup>
  <ItemGroup>
    <FxCompile Include="HLSL\ImGuiPS.hlsl">
      <Filter>HLSL</Filter>
    </FxCompile>
    <FxCompile Include="HLSL\ImGuiVS.hlsl">
      <Filter>HLSL</Filter>
    </FxCompile>
    <FxCompile Include="HLSL\SkinnedMeshPS.hlsl">
      <Filter>HLSL</Filter>
    </FxCompile>
    <FxCompile Include="HLSL\SkinnedMeshVS.hlsl">
      <Filter>HLSL</Filter>
    </FxCompile>
    <FxCompile Include="HLSL\SpritePS.hlsl">
      <Filter>HLSL</Filter>
    </FxCompile>
    <FxCompile Include="HLSL\SpriteVS.hlsl">
      <Filter>HLSL</Filter>
    </FxCompile>
    <FxCompile Include="HLSL\DebugPS.hlsl">
      <Filter>HLSL</Filter>
    </FxCompile>
    <FxCompile Include="HLSL\DebugVS.hlsl">
      <Filter>HLSL</Filter>
    </FxCompile>
    <FxCompile Include="HLSL\LinePS.hlsl">
      <Filter>HLSL</Filter>
    </FxCompile>
    <FxCompile Include="HLSL\LineVS.hlsl">
      <Filter>HLSL</Filter>
    </FxCompile>
    <FxCompile Include="HLSL\SkymapPS.hlsl">
      <Filter>HLSL</Filter>
    </FxCompile>
    <FxCompile Include="HLSL\SkymapVS.hlsl">
      <Filter>HLSL</Filter>
    </FxCompile>
    <FxCompile Include="HLSL\geometry_particle_gs.hlsl">
      <Filter>HLSL\particle</Filter>
    </FxCompile>
    <FxCompile Include="HLSL\geometry_particle_ps.hlsl">
      <Filter>HLSL\particle</Filter>
    </FxCompile>
    <FxCompile Include="HLSL\geometry_particle_vs.hlsl">
      <Filter>HLSL\particle</Filter>
    </FxCompile>
    <FxCompile Include="HLSL\SkinnedMeshGS.hlsl">
      <Filter>HLSL</Filter>
    </FxCompile>
    <FxCompile Include="HLSL\FullScreenQuadPS.hlsl">
      <Filter>HLSL\Post Effect</Filter>
    </FxCompile>
    <FxCompile Include="HLSL\LuminanceExtractPS.hlsl">
      <Filter>HLSL\Post Effect</Filter>
    </FxCompile>
    <FxCompile Include="HLSL\FullScreenQuadVS.hlsl">
      <Filter>HLSL\Post Effect</Filter>
    </FxCompile>
    <FxCompile Include="HLSL\ColorGrandingPS.hlsl">
      <Filter>HLSL\Post Effect</Filter>
    </FxCompile>
    <FxCompile Include="HLSL\ACES_FilmicPS.hlsl">
      <Filter>HLSL\Post Effect</Filter>
    </FxCompile>
    <FxCompile Include="HLSL\RewindLinePS.hlsl">
      <Filter>HLSL\Post Effect</Filter>
    </FxCompile>
  </ItemGroup>
</Project>